
Microsoft Visual Studio Solution File, Format Version 12.00
# Visual Studio Version 17
VisualStudioVersion = 17.0.31903.59
MinimumVisualStudioVersion = 10.0.40219.1
Project("{2150E333-8FDC-42A3-9474-1A3956D46DE8}") = "src", "src", "{827E0CD3-B72D-47B6-A68D-7590B98EB39B}"
EndProject
Project("{FAE04EC0-301F-11D3-BF4B-00C04F79EFBC}") = "DocumentTemplateSystem.Domain", "src\DocumentTemplateSystem.Domain\DocumentTemplateSystem.Domain.csproj", "{BEB25D2B-5FAC-4C6A-93A5-F5DEC8AC0B84}"
EndProject
Project("{FAE04EC0-301F-11D3-BF4B-00C04F79EFBC}") = "DocumentTemplateSystem.Application", "src\DocumentTemplateSystem.Application\DocumentTemplateSystem.Application.csproj", "{C127AD2A-2DBC-417B-8F06-E01C0E8CB082}"
EndProject
Project("{FAE04EC0-301F-11D3-BF4B-00C04F79EFBC}") = "DocumentTemplateSystem.Infrastructure", "src\DocumentTemplateSystem.Infrastructure\DocumentTemplateSystem.Infrastructure.csproj", "{C1844CBB-734E-4310-85A2-839C5E6822EB}"
EndProject
Project("{FAE04EC0-301F-11D3-BF4B-00C04F79EFBC}") = "DocumentTemplateSystem.Api", "src\DocumentTemplateSystem.Api\DocumentTemplateSystem.Api.csproj", "{FE09DBCF-F430-4317-9998-F334F62B2E30}"
EndProject
Project("{2150E333-8FDC-42A3-9474-1A3956D46DE8}") = "tests", "tests", "{0AB3BF05-4346-4AA6-1389-037BE0695223}"
EndProject
Project("{FAE04EC0-301F-11D3-BF4B-00C04F79EFBC}") = "DocumentTemplateSystem.UnitTests", "tests\DocumentTemplateSystem.UnitTests\DocumentTemplateSystem.UnitTests.csproj", "{666EA2F3-92E1-4A9A-963F-41FCA77F8A34}"
EndProject
Project("{FAE04EC0-301F-11D3-BF4B-00C04F79EFBC}") = "DocumentTemplateSystem.IntegrationTests", "tests\DocumentTemplateSystem.IntegrationTests\DocumentTemplateSystem.IntegrationTests.csproj", "{0F8B4DA0-4B7C-47F5-A5A2-06FC1D9F8532}"
EndProject
Global
	GlobalSection(SolutionConfigurationPlatforms) = preSolution
		Debug|Any CPU = Debug|Any CPU
		Debug|x64 = Debug|x64
		Debug|x86 = Debug|x86
		Release|Any CPU = Release|Any CPU
		Release|x64 = Release|x64
		Release|x86 = Release|x86
	EndGlobalSection
	GlobalSection(ProjectConfigurationPlatforms) = postSolution
		{BEB25D2B-5FAC-4C6A-93A5-F5DEC8AC0B84}.Debug|Any CPU.ActiveCfg = Debug|Any CPU
		{BEB25D2B-5FAC-4C6A-93A5-F5DEC8AC0B84}.Debug|Any CPU.Build.0 = Debug|Any CPU
		{BEB25D2B-5FAC-4C6A-93A5-F5DEC8AC0B84}.Debug|x64.ActiveCfg = Debug|Any CPU
		{BEB25D2B-5FAC-4C6A-93A5-F5DEC8AC0B84}.Debug|x64.Build.0 = Debug|Any CPU
		{BEB25D2B-5FAC-4C6A-93A5-F5DEC8AC0B84}.Debug|x86.ActiveCfg = Debug|Any CPU
		{BEB25D2B-5FAC-4C6A-93A5-F5DEC8AC0B84}.Debug|x86.Build.0 = Debug|Any CPU
		{BEB25D2B-5FAC-4C6A-93A5-F5DEC8AC0B84}.Release|Any CPU.ActiveCfg = Release|Any CPU
		{BEB25D2B-5FAC-4C6A-93A5-F5DEC8AC0B84}.Release|Any CPU.Build.0 = Release|Any CPU
		{BEB25D2B-5FAC-4C6A-93A5-F5DEC8AC0B84}.Release|x64.ActiveCfg = Release|Any CPU
		{BEB25D2B-5FAC-4C6A-93A5-F5DEC8AC0B84}.Release|x64.Build.0 = Release|Any CPU
		{BEB25D2B-5FAC-4C6A-93A5-F5DEC8AC0B84}.Release|x86.ActiveCfg = Release|Any CPU
		{BEB25D2B-5FAC-4C6A-93A5-F5DEC8AC0B84}.Release|x86.Build.0 = Release|Any CPU
		{C127AD2A-2DBC-417B-8F06-E01C0E8CB082}.Debug|Any CPU.ActiveCfg = Debug|Any CPU
		{C127AD2A-2DBC-417B-8F06-E01C0E8CB082}.Debug|Any CPU.Build.0 = Debug|Any CPU
		{C127AD2A-2DBC-417B-8F06-E01C0E8CB082}.Debug|x64.ActiveCfg = Debug|Any CPU
		{C127AD2A-2DBC-417B-8F06-E01C0E8CB082}.Debug|x64.Build.0 = Debug|Any CPU
		{C127AD2A-2DBC-417B-8F06-E01C0E8CB082}.Debug|x86.ActiveCfg = Debug|Any CPU
		{C127AD2A-2DBC-417B-8F06-E01C0E8CB082}.Debug|x86.Build.0 = Debug|Any CPU
		{C127AD2A-2DBC-417B-8F06-E01C0E8CB082}.Release|Any CPU.ActiveCfg = Release|Any CPU
		{C127AD2A-2DBC-417B-8F06-E01C0E8CB082}.Release|Any CPU.Build.0 = Release|Any CPU
		{C127AD2A-2DBC-417B-8F06-E01C0E8CB082}.Release|x64.ActiveCfg = Release|Any CPU
		{C127AD2A-2DBC-417B-8F06-E01C0E8CB082}.Release|x64.Build.0 = Release|Any CPU
		{C127AD2A-2DBC-417B-8F06-E01C0E8CB082}.Release|x86.ActiveCfg = Release|Any CPU
		{C127AD2A-2DBC-417B-8F06-E01C0E8CB082}.Release|x86.Build.0 = Release|Any CPU
		{C1844CBB-734E-4310-85A2-839C5E6822EB}.Debug|Any CPU.ActiveCfg = Debug|Any CPU
		{C1844CBB-734E-4310-85A2-839C5E6822EB}.Debug|Any CPU.Build.0 = Debug|Any CPU
		{C1844CBB-734E-4310-85A2-839C5E6822EB}.Debug|x64.ActiveCfg = Debug|Any CPU
		{C1844CBB-734E-4310-85A2-839C5E6822EB}.Debug|x64.Build.0 = Debug|Any CPU
		{C1844CBB-734E-4310-85A2-839C5E6822EB}.Debug|x86.ActiveCfg = Debug|Any CPU
		{C1844CBB-734E-4310-85A2-839C5E6822EB}.Debug|x86.Build.0 = Debug|Any CPU
		{C1844CBB-734E-4310-85A2-839C5E6822EB}.Release|Any CPU.ActiveCfg = Release|Any CPU
		{C1844CBB-734E-4310-85A2-839C5E6822EB}.Release|Any CPU.Build.0 = Release|Any CPU
		{C1844CBB-734E-4310-85A2-839C5E6822EB}.Release|x64.ActiveCfg = Release|Any CPU
		{C1844CBB-734E-4310-85A2-839C5E6822EB}.Release|x64.Build.0 = Release|Any CPU
		{C1844CBB-734E-4310-85A2-839C5E6822EB}.Release|x86.ActiveCfg = Release|Any CPU
		{C1844CBB-734E-4310-85A2-839C5E6822EB}.Release|x86.Build.0 = Release|Any CPU
		{FE09DBCF-F430-4317-9998-F334F62B2E30}.Debug|Any CPU.ActiveCfg = Debug|Any CPU
		{FE09DBCF-F430-4317-9998-F334F62B2E30}.Debug|Any CPU.Build.0 = Debug|Any CPU
		{FE09DBCF-F430-4317-9998-F334F62B2E30}.Debug|x64.ActiveCfg = Debug|Any CPU
		{FE09DBCF-F430-4317-9998-F334F62B2E30}.Debug|x64.Build.0 = Debug|Any CPU
		{FE09DBCF-F430-4317-9998-F334F62B2E30}.Debug|x86.ActiveCfg = Debug|Any CPU
		{FE09DBCF-F430-4317-9998-F334F62B2E30}.Debug|x86.Build.0 = Debug|Any CPU
		{FE09DBCF-F430-4317-9998-F334F62B2E30}.Release|Any CPU.ActiveCfg = Release|Any CPU
		{FE09DBCF-F430-4317-9998-F334F62B2E30}.Release|Any CPU.Build.0 = Release|Any CPU
		{FE09DBCF-F430-4317-9998-F334F62B2E30}.Release|x64.ActiveCfg = Release|Any CPU
		{FE09DBCF-F430-4317-9998-F334F62B2E30}.Release|x64.Build.0 = Release|Any CPU
		{FE09DBCF-F430-4317-9998-F334F62B2E30}.Release|x86.ActiveCfg = Release|Any CPU
		{FE09DBCF-F430-4317-9998-F334F62B2E30}.Release|x86.Build.0 = Release|Any CPU
		{666EA2F3-92E1-4A9A-963F-41FCA77F8A34}.Debug|Any CPU.ActiveCfg = Debug|Any CPU
		{666EA2F3-92E1-4A9A-963F-41FCA77F8A34}.Debug|Any CPU.Build.0 = Debug|Any CPU
		{666EA2F3-92E1-4A9A-963F-41FCA77F8A34}.Debug|x64.ActiveCfg = Debug|Any CPU
		{666EA2F3-92E1-4A9A-963F-41FCA77F8A34}.Debug|x64.Build.0 = Debug|Any CPU
		{666EA2F3-92E1-4A9A-963F-41FCA77F8A34}.Debug|x86.ActiveCfg = Debug|Any CPU
		{666EA2F3-92E1-4A9A-963F-41FCA77F8A34}.Debug|x86.Build.0 = Debug|Any CPU
		{666EA2F3-92E1-4A9A-963F-41FCA77F8A34}.Release|Any CPU.ActiveCfg = Release|Any CPU
		{666EA2F3-92E1-4A9A-963F-41FCA77F8A34}.Release|Any CPU.Build.0 = Release|Any CPU
		{666EA2F3-92E1-4A9A-963F-41FCA77F8A34}.Release|x64.ActiveCfg = Release|Any CPU
		{666EA2F3-92E1-4A9A-963F-41FCA77F8A34}.Release|x64.Build.0 = Release|Any CPU
		{666EA2F3-92E1-4A9A-963F-41FCA77F8A34}.Release|x86.ActiveCfg = Release|Any CPU
		{666EA2F3-92E1-4A9A-963F-41FCA77F8A34}.Release|x86.Build.0 = Release|Any CPU
		{0F8B4DA0-4B7C-47F5-A5A2-06FC1D9F8532}.Debug|Any CPU.ActiveCfg = Debug|Any CPU
		{0F8B4DA0-4B7C-47F5-A5A2-06FC1D9F8532}.Debug|Any CPU.Build.0 = Debug|Any CPU
		{0F8B4DA0-4B7C-47F5-A5A2-06FC1D9F8532}.Debug|x64.ActiveCfg = Debug|Any CPU
		{0F8B4DA0-4B7C-47F5-A5A2-06FC1D9F8532}.Debug|x64.Build.0 = Debug|Any CPU
		{0F8B4DA0-4B7C-47F5-A5A2-06FC1D9F8532}.Debug|x86.ActiveCfg = Debug|Any CPU
		{0F8B4DA0-4B7C-47F5-A5A2-06FC1D9F8532}.Debug|x86.Build.0 = Debug|Any CPU
		{0F8B4DA0-4B7C-47F5-A5A2-06FC1D9F8532}.Release|Any CPU.ActiveCfg = Release|Any CPU
		{0F8B4DA0-4B7C-47F5-A5A2-06FC1D9F8532}.Release|Any CPU.Build.0 = Release|Any CPU
		{0F8B4DA0-4B7C-47F5-A5A2-06FC1D9F8532}.Release|x64.ActiveCfg = Release|Any CPU
		{0F8B4DA0-4B7C-47F5-A5A2-06FC1D9F8532}.Release|x64.Build.0 = Release|Any CPU
		{0F8B4DA0-4B7C-47F5-A5A2-06FC1D9F8532}.Release|x86.ActiveCfg = Release|Any CPU
		{0F8B4DA0-4B7C-47F5-A5A2-06FC1D9F8532}.Release|x86.Build.0 = Release|Any CPU
	EndGlobalSection
	GlobalSection(SolutionProperties) = preSolution
		HideSolutionNode = FALSE
	EndGlobalSection
	GlobalSection(NestedProjects) = preSolution
		{BEB25D2B-5FAC-4C6A-93A5-F5DEC8AC0B84} = {827E0CD3-B72D-47B6-A68D-7590B98EB39B}
		{C127AD2A-2DBC-417B-8F06-E01C0E8CB082} = {827E0CD3-B72D-47B6-A68D-7590B98EB39B}
		{C1844CBB-734E-4310-85A2-839C5E6822EB} = {827E0CD3-B72D-47B6-A68D-7590B98EB39B}
		{FE09DBCF-F430-4317-9998-F334F62B2E30} = {827E0CD3-B72D-47B6-A68D-7590B98EB39B}
		{666EA2F3-92E1-4A9A-963F-41FCA77F8A34} = {0AB3BF05-4346-4AA6-1389-037BE0695223}
		{0F8B4DA0-4B7C-47F5-A5A2-06FC1D9F8532} = {0AB3BF05-4346-4AA6-1389-037BE0695223}
	EndGlobalSection
EndGlobal
